{
  "name": "d0",
  "lockfileVersion": 3,
  "requires": true,
  "packages": {
    "": {
      "dependencies": {
        "fit-to-page": "^1.0.0"
      }
    },
    "node_modules/fit-to-page": {
      "version": "1.0.0",
      "resolved": "https://registry.npmjs.org/fit-to-page/-/fit-to-page-1.0.0.tgz",
      "integrity": "sha512-+dEc4MUIkS7omJ/hoRB8QZ0iHLV4xsKRl67zE/vMWRcr9qMenpFbbXIZhuw1bcd+CZ2c3UfkFWRD/RMVBuY5Lg==",
      "license": "MIT"
    }
  }
}
